
Microsoft Visual Studio Solution File, Format Version 12.00
# Visual Studio Version 16
VisualStudioVersion = 16.0.30709.132
MinimumVisualStudioVersion = 10.0.40219.1
Project("{FAE04EC0-301F-11D3-BF4B-00C04F79EFBC}") = "XLiveTuner", "XLiveTuner\XLiveTuner.csproj", "{DD680865-D32A-4A7E-80D1-C2571413AFD4}"
EndProject
Project("{FAE04EC0-301F-11D3-BF4B-00C04F79EFBC}") = "J2534DotNet", "C:\Users\User\Downloads\J2534DotNet-master\J2534DotNet\J2534DotNet.csproj", "{D99E0DE7-2F06-41E3-B33E-687E1B425A7F}"
EndProject
Global
	GlobalSection(SolutionConfigurationPlatforms) = preSolution
		Debug|Any CPU = Debug|Any CPU
		Debug|x86 = Debug|x86
		Release|Any CPU = Release|Any CPU
		Release|x86 = Release|x86
	EndGlobalSection
	GlobalSection(ProjectConfigurationPlatforms) = postSolution
		{DD680865-D32A-4A7E-80D1-C2571413AFD4}.Debug|Any CPU.ActiveCfg = Debug|Any CPU
		{DD680865-D32A-4A7E-80D1-C2571413AFD4}.Debug|Any CPU.Build.0 = Debug|Any CPU
		{DD680865-D32A-4A7E-80D1-C2571413AFD4}.Debug|x86.ActiveCfg = Debug|Any CPU
		{DD680865-D32A-4A7E-80D1-C2571413AFD4}.Debug|x86.Build.0 = Debug|Any CPU
		{DD680865-D32A-4A7E-80D1-C2571413AFD4}.Release|Any CPU.ActiveCfg = Release|Any CPU
		{DD680865-D32A-4A7E-80D1-C2571413AFD4}.Release|Any CPU.Build.0 = Release|Any CPU
		{DD680865-D32A-4A7E-80D1-C2571413AFD4}.Release|x86.ActiveCfg = Release|Any CPU
		{DD680865-D32A-4A7E-80D1-C2571413AFD4}.Release|x86.Build.0 = Release|Any CPU
		{D99E0DE7-2F06-41E3-B33E-687E1B425A7F}.Debug|Any CPU.ActiveCfg = Debug|Any CPU
		{D99E0DE7-2F06-41E3-B33E-687E1B425A7F}.Debug|Any CPU.Build.0 = Debug|Any CPU
		{D99E0DE7-2F06-41E3-B33E-687E1B425A7F}.Debug|x86.ActiveCfg = Debug|x86
		{D99E0DE7-2F06-41E3-B33E-687E1B425A7F}.Debug|x86.Build.0 = Debug|x86
		{D99E0DE7-2F06-41E3-B33E-687E1B425A7F}.Release|Any CPU.ActiveCfg = Release|Any CPU
		{D99E0DE7-2F06-41E3-B33E-687E1B425A7F}.Release|Any CPU.Build.0 = Release|Any CPU
		{D99E0DE7-2F06-41E3-B33E-687E1B425A7F}.Release|x86.ActiveCfg = Release|x86
		{D99E0DE7-2F06-41E3-B33E-687E1B425A7F}.Release|x86.Build.0 = Release|x86
	EndGlobalSection
	GlobalSection(SolutionProperties) = preSolution
		HideSolutionNode = FALSE
	EndGlobalSection
	GlobalSection(ExtensibilityGlobals) = postSolution
		SolutionGuid = {9E7DFFFB-7CFB-4E87-AA8B-C02263659C56}
	EndGlobalSection
EndGlobal
